
Microsoft Visual Studio Solution File, Format Version 12.00
# Visual Studio Version 17
VisualStudioVersion = 17.2.32630.192
MinimumVisualStudioVersion = 10.0.40219.1
Project("{FAE04EC0-301F-11D3-BF4B-00C04F79EFBC}") = "ConsoleDocker", "ConsoleDocker\ConsoleDocker.csproj", "{891360FF-0DE2-4D5D-853E-8038D1CA4FD1}"
EndProject
Global
	GlobalSection(SolutionConfigurationPlatforms) = preSolution
		Debug|Any CPU = Debug|Any CPU
		Release|Any CPU = Release|Any CPU
	EndGlobalSection
	GlobalSection(ProjectConfigurationPlatforms) = postSolution
		{891360FF-0DE2-4D5D-853E-8038D1CA4FD1}.Debug|Any CPU.ActiveCfg = Debug|Any CPU
		{891360FF-0DE2-4D5D-853E-8038D1CA4FD1}.Debug|Any CPU.Build.0 = Debug|Any CPU
		{891360FF-0DE2-4D5D-853E-8038D1CA4FD1}.Release|Any CPU.ActiveCfg = Release|Any CPU
		{891360FF-0DE2-4D5D-853E-8038D1CA4FD1}.Release|Any CPU.Build.0 = Release|Any CPU
	EndGlobalSection
	GlobalSection(SolutionProperties) = preSolution
		HideSolutionNode = FALSE
	EndGlobalSection
	GlobalSection(ExtensibilityGlobals) = postSolution
		SolutionGuid = {DA17E3B1-4652-4732-ABB5-79E78AC97D35}
	EndGlobalSection
EndGlobal
